// !$*UTF8*$!
{
	archiveVersion = 1;
	classes = {
	};
	objectVersion = 56;
	objects = {

/* Begin PBXBuildFile section */
		46432FF82A14D42A007949EF /* RMService.swift in Sources */ = {isa = PBXBuildFile; fileRef = 46432FF72A14D42A007949EF /* RMService.swift */; };
		46432FFA2A14D7EA007949EF /* CharacterResult.swift in Sources */ = {isa = PBXBuildFile; fileRef = 46432FF92A14D7EA007949EF /* CharacterResult.swift */; };
		46437AB12A142BA7002DEC58 /* AppDelegate.swift in Sources */ = {isa = PBXBuildFile; fileRef = 46437AB02A142BA7002DEC58 /* AppDelegate.swift */; };
		46437AB32A142BA7002DEC58 /* SceneDelegate.swift in Sources */ = {isa = PBXBuildFile; fileRef = 46437AB22A142BA7002DEC58 /* SceneDelegate.swift */; };
		46437AB52A142BA7002DEC58 /* CharacterViewController.swift in Sources */ = {isa = PBXBuildFile; fileRef = 46437AB42A142BA7002DEC58 /* CharacterViewController.swift */; };
		46437ABA2A142BA8002DEC58 /* Assets.xcassets in Resources */ = {isa = PBXBuildFile; fileRef = 46437AB92A142BA8002DEC58 /* Assets.xcassets */; };
		46437ABD2A142BA8002DEC58 /* LaunchScreen.storyboard in Resources */ = {isa = PBXBuildFile; fileRef = 46437ABB2A142BA8002DEC58 /* LaunchScreen.storyboard */; };
		46437AC62A142BCC002DEC58 /* Alamofire in Frameworks */ = {isa = PBXBuildFile; productRef = 46437AC52A142BCC002DEC58 /* Alamofire */; };
		46534A182A1BEEE100D08FDF /* SnapKit in Frameworks */ = {isa = PBXBuildFile; productRef = 46534A172A1BEEE100D08FDF /* SnapKit */; };
		46937BB72A15423E007E5795 /* RMRequest.swift in Sources */ = {isa = PBXBuildFile; fileRef = 46937BB62A15423E007E5795 /* RMRequest.swift */; };
		46937BB92A1542CE007E5795 /* EndPoint.swift in Sources */ = {isa = PBXBuildFile; fileRef = 46937BB82A1542CE007E5795 /* EndPoint.swift */; };
		46A178792A16A1C900603D61 /* Location.swift in Sources */ = {isa = PBXBuildFile; fileRef = 46A178782A16A1C900603D61 /* Location.swift */; };
		46A1787B2A16A21800603D61 /* Gender.swift in Sources */ = {isa = PBXBuildFile; fileRef = 46A1787A2A16A21800603D61 /* Gender.swift */; };
		46A1787D2A16A23900603D61 /* Species.swift in Sources */ = {isa = PBXBuildFile; fileRef = 46A1787C2A16A23900603D61 /* Species.swift */; };
		46A1787F2A16A29C00603D61 /* Status.swift in Sources */ = {isa = PBXBuildFile; fileRef = 46A1787E2A16A29C00603D61 /* Status.swift */; };
		46A178812A16A2DE00603D61 /* Info.swift in Sources */ = {isa = PBXBuildFile; fileRef = 46A178802A16A2DE00603D61 /* Info.swift */; };
		46A178832A16A30100603D61 /* RMResponse.swift in Sources */ = {isa = PBXBuildFile; fileRef = 46A178822A16A30100603D61 /* RMResponse.swift */; };
		46A178872A16A35000603D61 /* CharacterViewModel.swift in Sources */ = {isa = PBXBuildFile; fileRef = 46A178862A16A35000603D61 /* CharacterViewModel.swift */; };
		46A178892A177B3600603D61 /* CharacterCell.swift in Sources */ = {isa = PBXBuildFile; fileRef = 46A178882A177B3600603D61 /* CharacterCell.swift */; };
		46A8D9D42A1959DE00BD46C1 /* CharacterContracts.swift in Sources */ = {isa = PBXBuildFile; fileRef = 46A8D9D32A1959DE00BD46C1 /* CharacterContracts.swift */; };
		46A8D9D92A19682000BD46C1 /* Coordinator.swift in Sources */ = {isa = PBXBuildFile; fileRef = 46A8D9D82A19682000BD46C1 /* Coordinator.swift */; };
		46A8D9DB2A1968F200BD46C1 /* CharacterCoordinator.swift in Sources */ = {isa = PBXBuildFile; fileRef = 46A8D9DA2A1968F200BD46C1 /* CharacterCoordinator.swift */; };
		46A8D9DE2A196D3400BD46C1 /* CharacterFactory.swift in Sources */ = {isa = PBXBuildFile; fileRef = 46A8D9DD2A196D3400BD46C1 /* CharacterFactory.swift */; };
		46C9A77C2A17D000001049FA /* CharacterDetailViewController.swift in Sources */ = {isa = PBXBuildFile; fileRef = 46C9A77B2A17D000001049FA /* CharacterDetailViewController.swift */; };
		46F85C0A2A178E530097EFC8 /* AlamofireImage in Frameworks */ = {isa = PBXBuildFile; productRef = 46F85C092A178E530097EFC8 /* AlamofireImage */; };
/* End PBXBuildFile section */

/* Begin PBXFileReference section */
		46432FF72A14D42A007949EF /* RMService.swift */ = {isa = PBXFileReference; lastKnownFileType = sourcecode.swift; path = RMService.swift; sourceTree = "<group>"; };
		46432FF92A14D7EA007949EF /* CharacterResult.swift */ = {isa = PBXFileReference; lastKnownFileType = sourcecode.swift; path = CharacterResult.swift; sourceTree = "<group>"; };
		46437AAD2A142BA7002DEC58 /* RickAndMortyAlamofire.app */ = {isa = PBXFileReference; explicitFileType = wrapper.application; includeInIndex = 0; path = RickAndMortyAlamofire.app; sourceTree = BUILT_PRODUCTS_DIR; };
		46437AB02A142BA7002DEC58 /* AppDelegate.swift */ = {isa = PBXFileReference; lastKnownFileType = sourcecode.swift; path = AppDelegate.swift; sourceTree = "<group>"; };
		46437AB22A142BA7002DEC58 /* SceneDelegate.swift */ = {isa = PBXFileReference; lastKnownFileType = sourcecode.swift; path = SceneDelegate.swift; sourceTree = "<group>"; };
		46437AB42A142BA7002DEC58 /* CharacterViewController.swift */ = {isa = PBXFileReference; lastKnownFileType = sourcecode.swift; path = CharacterViewController.swift; sourceTree = "<group>"; };
		46437AB92A142BA8002DEC58 /* Assets.xcassets */ = {isa = PBXFileReference; lastKnownFileType = folder.assetcatalog; path = Assets.xcassets; sourceTree = "<group>"; };
		46437ABC2A142BA8002DEC58 /* Base */ = {isa = PBXFileReference; lastKnownFileType = file.storyboard; name = Base; path = Base.lproj/LaunchScreen.storyboard; sourceTree = "<group>"; };
		46437ABE2A142BA8002DEC58 /* Info.plist */ = {isa = PBXFileReference; lastKnownFileType = text.plist.xml; path = Info.plist; sourceTree = "<group>"; };
		46937BB62A15423E007E5795 /* RMRequest.swift */ = {isa = PBXFileReference; lastKnownFileType = sourcecode.swift; path = RMRequest.swift; sourceTree = "<group>"; };
		46937BB82A1542CE007E5795 /* EndPoint.swift */ = {isa = PBXFileReference; lastKnownFileType = sourcecode.swift; path = EndPoint.swift; sourceTree = "<group>"; };
		46A178782A16A1C900603D61 /* Location.swift */ = {isa = PBXFileReference; lastKnownFileType = sourcecode.swift; path = Location.swift; sourceTree = "<group>"; };
		46A1787A2A16A21800603D61 /* Gender.swift */ = {isa = PBXFileReference; lastKnownFileType = sourcecode.swift; path = Gender.swift; sourceTree = "<group>"; };
		46A1787C2A16A23900603D61 /* Species.swift */ = {isa = PBXFileReference; lastKnownFileType = sourcecode.swift; path = Species.swift; sourceTree = "<group>"; };
		46A1787E2A16A29C00603D61 /* Status.swift */ = {isa = PBXFileReference; lastKnownFileType = sourcecode.swift; path = Status.swift; sourceTree = "<group>"; };
		46A178802A16A2DE00603D61 /* Info.swift */ = {isa = PBXFileReference; lastKnownFileType = sourcecode.swift; path = Info.swift; sourceTree = "<group>"; };
		46A178822A16A30100603D61 /* RMResponse.swift */ = {isa = PBXFileReference; lastKnownFileType = sourcecode.swift; path = RMResponse.swift; sourceTree = "<group>"; };
		46A178862A16A35000603D61 /* CharacterViewModel.swift */ = {isa = PBXFileReference; lastKnownFileType = sourcecode.swift; path = CharacterViewModel.swift; sourceTree = "<group>"; };
		46A178882A177B3600603D61 /* CharacterCell.swift */ = {isa = PBXFileReference; lastKnownFileType = sourcecode.swift; path = CharacterCell.swift; sourceTree = "<group>"; };
		46A8D9D32A1959DE00BD46C1 /* CharacterContracts.swift */ = {isa = PBXFileReference; lastKnownFileType = sourcecode.swift; path = CharacterContracts.swift; sourceTree = "<group>"; };
		46A8D9D82A19682000BD46C1 /* Coordinator.swift */ = {isa = PBXFileReference; lastKnownFileType = sourcecode.swift; path = Coordinator.swift; sourceTree = "<group>"; };
		46A8D9DA2A1968F200BD46C1 /* CharacterCoordinator.swift */ = {isa = PBXFileReference; lastKnownFileType = sourcecode.swift; path = CharacterCoordinator.swift; sourceTree = "<group>"; };
		46A8D9DD2A196D3400BD46C1 /* CharacterFactory.swift */ = {isa = PBXFileReference; lastKnownFileType = sourcecode.swift; path = CharacterFactory.swift; sourceTree = "<group>"; };
		46C9A77B2A17D000001049FA /* CharacterDetailViewController.swift */ = {isa = PBXFileReference; lastKnownFileType = sourcecode.swift; path = CharacterDetailViewController.swift; sourceTree = "<group>"; };
/* End PBXFileReference section */

/* Begin PBXFrameworksBuildPhase section */
		46437AAA2A142BA7002DEC58 /* Frameworks */ = {
			isa = PBXFrameworksBuildPhase;
			buildActionMask = 2147483647;
			files = (
				46534A182A1BEEE100D08FDF /* SnapKit in Frameworks */,
				46437AC62A142BCC002DEC58 /* Alamofire in Frameworks */,
				46F85C0A2A178E530097EFC8 /* AlamofireImage in Frameworks */,
			);
			runOnlyForDeploymentPostprocessing = 0;
		};
/* End PBXFrameworksBuildPhase section */

/* Begin PBXGroup section */
		46432FF62A14D41E007949EF /* Network */ = {
			isa = PBXGroup;
			children = (
				46432FF72A14D42A007949EF /* RMService.swift */,
				46937BB62A15423E007E5795 /* RMRequest.swift */,
				46937BB82A1542CE007E5795 /* EndPoint.swift */,
			);
			path = Network;
			sourceTree = "<group>";
		};
		46437AA42A142BA7002DEC58 = {
			isa = PBXGroup;
			children = (
				46437AAF2A142BA7002DEC58 /* RickAndMortyAlamofire */,
				46437AAE2A142BA7002DEC58 /* Products */,
			);
			sourceTree = "<group>";
		};
		46437AAE2A142BA7002DEC58 /* Products */ = {
			isa = PBXGroup;
			children = (
				46437AAD2A142BA7002DEC58 /* RickAndMortyAlamofire.app */,
			);
			name = Products;
			sourceTree = "<group>";
		};
		46437AAF2A142BA7002DEC58 /* RickAndMortyAlamofire */ = {
			isa = PBXGroup;
			children = (
				46A8D9CD2A19571F00BD46C1 /* Modules */,
				46432FF62A14D41E007949EF /* Network */,
				46437AD02A142C91002DEC58 /* Others */,
				46437AC72A142BEC002DEC58 /* Models */,
			);
			path = RickAndMortyAlamofire;
			sourceTree = "<group>";
		};
		46437AC72A142BEC002DEC58 /* Models */ = {
			isa = PBXGroup;
			children = (
				46A178822A16A30100603D61 /* RMResponse.swift */,
				46432FF92A14D7EA007949EF /* CharacterResult.swift */,
				46A178782A16A1C900603D61 /* Location.swift */,
				46A1787A2A16A21800603D61 /* Gender.swift */,
				46A1787C2A16A23900603D61 /* Species.swift */,
				46A1787E2A16A29C00603D61 /* Status.swift */,
				46A178802A16A2DE00603D61 /* Info.swift */,
			);
			path = Models;
			sourceTree = "<group>";
		};
		46437AD02A142C91002DEC58 /* Others */ = {
			isa = PBXGroup;
			children = (
				46437ABB2A142BA8002DEC58 /* LaunchScreen.storyboard */,
				46437AB02A142BA7002DEC58 /* AppDelegate.swift */,
				46437AB22A142BA7002DEC58 /* SceneDelegate.swift */,
				46437AB92A142BA8002DEC58 /* Assets.xcassets */,
				46437ABE2A142BA8002DEC58 /* Info.plist */,
				46A8D9D82A19682000BD46C1 /* Coordinator.swift */,
			);
			path = Others;
			sourceTree = "<group>";
		};
		46A178842A16A33A00603D61 /* ViewModel */ = {
			isa = PBXGroup;
			children = (
				46A178862A16A35000603D61 /* CharacterViewModel.swift */,
				46A8D9D32A1959DE00BD46C1 /* CharacterContracts.swift */,
			);
			path = ViewModel;
			sourceTree = "<group>";
		};
		46A8D9CD2A19571F00BD46C1 /* Modules */ = {
			isa = PBXGroup;
			children = (
				46A8D9DC2A196D1800BD46C1 /* CharacterFactory */,
				46A8D9CE2A19577100BD46C1 /* Character */,
			);
			path = Modules;
			sourceTree = "<group>";
		};
		46A8D9CE2A19577100BD46C1 /* Character */ = {
			isa = PBXGroup;
			children = (
				46A8D9D62A19676D00BD46C1 /* SubModules */,
				46A8D9D52A19675600BD46C1 /* Coordinator */,
				46A8D9CF2A1957C500BD46C1 /* View */,
				46A178842A16A33A00603D61 /* ViewModel */,
			);
			path = Character;
			sourceTree = "<group>";
		};
		46A8D9CF2A1957C500BD46C1 /* View */ = {
			isa = PBXGroup;
			children = (
				46437AB42A142BA7002DEC58 /* CharacterViewController.swift */,
				46A178882A177B3600603D61 /* CharacterCell.swift */,
			);
			path = View;
			sourceTree = "<group>";
		};
		46A8D9D12A19598800BD46C1 /* CharacterDetail */ = {
			isa = PBXGroup;
			children = (
				46A8D9D22A1959A000BD46C1 /* View */,
			);
			path = CharacterDetail;
			sourceTree = "<group>";
		};
		46A8D9D22A1959A000BD46C1 /* View */ = {
			isa = PBXGroup;
			children = (
				46C9A77B2A17D000001049FA /* CharacterDetailViewController.swift */,
			);
			path = View;
			sourceTree = "<group>";
		};
		46A8D9D52A19675600BD46C1 /* Coordinator */ = {
			isa = PBXGroup;
			children = (
				46A8D9DA2A1968F200BD46C1 /* CharacterCoordinator.swift */,
			);
			path = Coordinator;
			sourceTree = "<group>";
		};
		46A8D9D62A19676D00BD46C1 /* SubModules */ = {
			isa = PBXGroup;
			children = (
				46A8D9D12A19598800BD46C1 /* CharacterDetail */,
			);
			path = SubModules;
			sourceTree = "<group>";
		};
		46A8D9DC2A196D1800BD46C1 /* CharacterFactory */ = {
			isa = PBXGroup;
			children = (
				46A8D9DD2A196D3400BD46C1 /* CharacterFactory.swift */,
			);
			path = CharacterFactory;
			sourceTree = "<group>";
		};
/* End PBXGroup section */

/* Begin PBXNativeTarget section */
		46437AAC2A142BA7002DEC58 /* RickAndMortyAlamofire */ = {
			isa = PBXNativeTarget;
			buildConfigurationList = 46437AC12A142BA8002DEC58 /* Build configuration list for PBXNativeTarget "RickAndMortyAlamofire" */;
			buildPhases = (
				46437AA92A142BA7002DEC58 /* Sources */,
				46437AAA2A142BA7002DEC58 /* Frameworks */,
				46437AAB2A142BA7002DEC58 /* Resources */,
			);
			buildRules = (
			);
			dependencies = (
			);
			name = RickAndMortyAlamofire;
			packageProductDependencies = (
				46437AC52A142BCC002DEC58 /* Alamofire */,
				46F85C092A178E530097EFC8 /* AlamofireImage */,
				46534A172A1BEEE100D08FDF /* SnapKit */,
			);
			productName = RickAndMortyAlamofire;
			productReference = 46437AAD2A142BA7002DEC58 /* RickAndMortyAlamofire.app */;
			productType = "com.apple.product-type.application";
		};
/* End PBXNativeTarget section */

/* Begin PBXProject section */
		46437AA52A142BA7002DEC58 /* Project object */ = {
			isa = PBXProject;
			attributes = {
				BuildIndependentTargetsInParallel = 1;
				LastSwiftUpdateCheck = 1420;
				LastUpgradeCheck = 1420;
				TargetAttributes = {
					46437AAC2A142BA7002DEC58 = {
						CreatedOnToolsVersion = 14.2;
					};
				};
			};
			buildConfigurationList = 46437AA82A142BA7002DEC58 /* Build configuration list for PBXProject "RickAndMortyAlamofire" */;
			compatibilityVersion = "Xcode 14.0";
			developmentRegion = en;
			hasScannedForEncodings = 0;
			knownRegions = (
				en,
				Base,
			);
			mainGroup = 46437AA42A142BA7002DEC58;
			packageReferences = (
				46437AC42A142BCC002DEC58 /* XCRemoteSwiftPackageReference "Alamofire" */,
				46F85C082A178E530097EFC8 /* XCRemoteSwiftPackageReference "AlamofireImage" */,
				46534A162A1BEEE100D08FDF /* XCRemoteSwiftPackageReference "SnapKit" */,
			);
			productRefGroup = 46437AAE2A142BA7002DEC58 /* Products */;
			projectDirPath = "";
			projectRoot = "";
			targets = (
				46437AAC2A142BA7002DEC58 /* RickAndMortyAlamofire */,
			);
		};
/* End PBXProject section */

/* Begin PBXResourcesBuildPhase section */
		46437AAB2A142BA7002DEC58 /* Resources */ = {
			isa = PBXResourcesBuildPhase;
			buildActionMask = 2147483647;
			files = (
				46437ABD2A142BA8002DEC58 /* LaunchScreen.storyboard in Resources */,
				46437ABA2A142BA8002DEC58 /* Assets.xcassets in Resources */,
			);
			runOnlyForDeploymentPostprocessing = 0;
		};
/* End PBXResourcesBuildPhase section */

/* Begin PBXSourcesBuildPhase section */
		46437AA92A142BA7002DEC58 /* Sources */ = {
			isa = PBXSourcesBuildPhase;
			buildActionMask = 2147483647;
			files = (
				46A178892A177B3600603D61 /* CharacterCell.swift in Sources */,
				46437AB52A142BA7002DEC58 /* CharacterViewController.swift in Sources */,
				46432FF82A14D42A007949EF /* RMService.swift in Sources */,
				46A1787D2A16A23900603D61 /* Species.swift in Sources */,
				46437AB12A142BA7002DEC58 /* AppDelegate.swift in Sources */,
				46A8D9D42A1959DE00BD46C1 /* CharacterContracts.swift in Sources */,
				46C9A77C2A17D000001049FA /* CharacterDetailViewController.swift in Sources */,
				46A1787F2A16A29C00603D61 /* Status.swift in Sources */,
				46937BB72A15423E007E5795 /* RMRequest.swift in Sources */,
				46437AB32A142BA7002DEC58 /* SceneDelegate.swift in Sources */,
				46A8D9DE2A196D3400BD46C1 /* CharacterFactory.swift in Sources */,
				46937BB92A1542CE007E5795 /* EndPoint.swift in Sources */,
				46A8D9DB2A1968F200BD46C1 /* CharacterCoordinator.swift in Sources */,
				46A178872A16A35000603D61 /* CharacterViewModel.swift in Sources */,
				46A8D9D92A19682000BD46C1 /* Coordinator.swift in Sources */,
				46A1787B2A16A21800603D61 /* Gender.swift in Sources */,
				46A178812A16A2DE00603D61 /* Info.swift in Sources */,
				46A178832A16A30100603D61 /* RMResponse.swift in Sources */,
				46A178792A16A1C900603D61 /* Location.swift in Sources */,
				46432FFA2A14D7EA007949EF /* CharacterResult.swift in Sources */,
			);
			runOnlyForDeploymentPostprocessing = 0;
		};
/* End PBXSourcesBuildPhase section */

/* Begin PBXVariantGroup section */
		46437ABB2A142BA8002DEC58 /* LaunchScreen.storyboard */ = {
			isa = PBXVariantGroup;
			children = (
				46437ABC2A142BA8002DEC58 /* Base */,
			);
			name = LaunchScreen.storyboard;
			sourceTree = "<group>";
		};
/* End PBXVariantGroup section */

/* Begin XCBuildConfiguration section */
		46437ABF2A142BA8002DEC58 /* Debug */ = {
			isa = XCBuildConfiguration;
			buildSettings = {
				ALWAYS_SEARCH_USER_PATHS = NO;
				CLANG_ANALYZER_NONNULL = YES;
				CLANG_ANALYZER_NUMBER_OBJECT_CONVERSION = YES_AGGRESSIVE;
				CLANG_CXX_LANGUAGE_STANDARD = "gnu++20";
				CLANG_ENABLE_MODULES = YES;
				CLANG_ENABLE_OBJC_ARC = YES;
				CLANG_ENABLE_OBJC_WEAK = YES;
				CLANG_WARN_BLOCK_CAPTURE_AUTORELEASING = YES;
				CLANG_WARN_BOOL_CONVERSION = YES;
				CLANG_WARN_COMMA = YES;
				CLANG_WARN_CONSTANT_CONVERSION = YES;
				CLANG_WARN_DEPRECATED_OBJC_IMPLEMENTATIONS = YES;
				CLANG_WARN_DIRECT_OBJC_ISA_USAGE = YES_ERROR;
				CLANG_WARN_DOCUMENTATION_COMMENTS = YES;
				CLANG_WARN_EMPTY_BODY = YES;
				CLANG_WARN_ENUM_CONVERSION = YES;
				CLANG_WARN_INFINITE_RECURSION = YES;
				CLANG_WARN_INT_CONVERSION = YES;
				CLANG_WARN_NON_LITERAL_NULL_CONVERSION = YES;
				CLANG_WARN_OBJC_IMPLICIT_RETAIN_SELF = YES;
				CLANG_WARN_OBJC_LITERAL_CONVERSION = YES;
				CLANG_WARN_OBJC_ROOT_CLASS = YES_ERROR;
				CLANG_WARN_QUOTED_INCLUDE_IN_FRAMEWORK_HEADER = YES;
				CLANG_WARN_RANGE_LOOP_ANALYSIS = YES;
				CLANG_WARN_STRICT_PROTOTYPES = YES;
				CLANG_WARN_SUSPICIOUS_MOVE = YES;
				CLANG_WARN_UNGUARDED_AVAILABILITY = YES_AGGRESSIVE;
				CLANG_WARN_UNREACHABLE_CODE = YES;
				CLANG_WARN__DUPLICATE_METHOD_MATCH = YES;
				COPY_PHASE_STRIP = NO;
				DEBUG_INFORMATION_FORMAT = dwarf;
				ENABLE_STRICT_OBJC_MSGSEND = YES;
				ENABLE_TESTABILITY = YES;
				GCC_C_LANGUAGE_STANDARD = gnu11;
				GCC_DYNAMIC_NO_PIC = NO;
				GCC_NO_COMMON_BLOCKS = YES;
				GCC_OPTIMIZATION_LEVEL = 0;
				GCC_PREPROCESSOR_DEFINITIONS = (
					"DEBUG=1",
					"$(inherited)",
				);
				GCC_WARN_64_TO_32_BIT_CONVERSION = YES;
				GCC_WARN_ABOUT_RETURN_TYPE = YES_ERROR;
				GCC_WARN_UNDECLARED_SELECTOR = YES;
				GCC_WARN_UNINITIALIZED_AUTOS = YES_AGGRESSIVE;
				GCC_WARN_UNUSED_FUNCTION = YES;
				GCC_WARN_UNUSED_VARIABLE = YES;
				IPHONEOS_DEPLOYMENT_TARGET = 16.2;
				MTL_ENABLE_DEBUG_INFO = INCLUDE_SOURCE;
				MTL_FAST_MATH = YES;
				ONLY_ACTIVE_ARCH = YES;
				SDKROOT = iphoneos;
				SWIFT_ACTIVE_COMPILATION_CONDITIONS = DEBUG;
				SWIFT_OPTIMIZATION_LEVEL = "-Onone";
			};
			name = Debug;
		};
		46437AC02A142BA8002DEC58 /* Release */ = {
			isa = XCBuildConfiguration;
			buildSettings = {
				ALWAYS_SEARCH_USER_PATHS = NO;
				CLANG_ANALYZER_NONNULL = YES;
				CLANG_ANALYZER_NUMBER_OBJECT_CONVERSION = YES_AGGRESSIVE;
				CLANG_CXX_LANGUAGE_STANDARD = "gnu++20";
				CLANG_ENABLE_MODULES = YES;
				CLANG_ENABLE_OBJC_ARC = YES;
				CLANG_ENABLE_OBJC_WEAK = YES;
				CLANG_WARN_BLOCK_CAPTURE_AUTORELEASING = YES;
				CLANG_WARN_BOOL_CONVERSION = YES;
				CLANG_WARN_COMMA = YES;
				CLANG_WARN_CONSTANT_CONVERSION = YES;
				CLANG_WARN_DEPRECATED_OBJC_IMPLEMENTATIONS = YES;
				CLANG_WARN_DIRECT_OBJC_ISA_USAGE = YES_ERROR;
				CLANG_WARN_DOCUMENTATION_COMMENTS = YES;
				CLANG_WARN_EMPTY_BODY = YES;
				CLANG_WARN_ENUM_CONVERSION = YES;
				CLANG_WARN_INFINITE_RECURSION = YES;
				CLANG_WARN_INT_CONVERSION = YES;
				CLANG_WARN_NON_LITERAL_NULL_CONVERSION = YES;
				CLANG_WARN_OBJC_IMPLICIT_RETAIN_SELF = YES;
				CLANG_WARN_OBJC_LITERAL_CONVERSION = YES;
				CLANG_WARN_OBJC_ROOT_CLASS = YES_ERROR;
				CLANG_WARN_QUOTED_INCLUDE_IN_FRAMEWORK_HEADER = YES;
				CLANG_WARN_RANGE_LOOP_ANALYSIS = YES;
				CLANG_WARN_STRICT_PROTOTYPES = YES;
				CLANG_WARN_SUSPICIOUS_MOVE = YES;
				CLANG_WARN_UNGUARDED_AVAILABILITY = YES_AGGRESSIVE;
				CLANG_WARN_UNREACHABLE_CODE = YES;
				CLANG_WARN__DUPLICATE_METHOD_MATCH = YES;
				COPY_PHASE_STRIP = NO;
				DEBUG_INFORMATION_FORMAT = "dwarf-with-dsym";
				ENABLE_NS_ASSERTIONS = NO;
				ENABLE_STRICT_OBJC_MSGSEND = YES;
				GCC_C_LANGUAGE_STANDARD = gnu11;
				GCC_NO_COMMON_BLOCKS = YES;
				GCC_WARN_64_TO_32_BIT_CONVERSION = YES;
				GCC_WARN_ABOUT_RETURN_TYPE = YES_ERROR;
				GCC_WARN_UNDECLARED_SELECTOR = YES;
				GCC_WARN_UNINITIALIZED_AUTOS = YES_AGGRESSIVE;
				GCC_WARN_UNUSED_FUNCTION = YES;
				GCC_WARN_UNUSED_VARIABLE = YES;
				IPHONEOS_DEPLOYMENT_TARGET = 16.2;
				MTL_ENABLE_DEBUG_INFO = NO;
				MTL_FAST_MATH = YES;
				SDKROOT = iphoneos;
				SWIFT_COMPILATION_MODE = wholemodule;
				SWIFT_OPTIMIZATION_LEVEL = "-O";
				VALIDATE_PRODUCT = YES;
			};
			name = Release;
		};
		46437AC22A142BA8002DEC58 /* Debug */ = {
			isa = XCBuildConfiguration;
			buildSettings = {
				ASSETCATALOG_COMPILER_APPICON_NAME = AppIcon;
				ASSETCATALOG_COMPILER_GLOBAL_ACCENT_COLOR_NAME = AccentColor;
				CODE_SIGN_STYLE = Automatic;
				CURRENT_PROJECT_VERSION = 1;
				DEVELOPMENT_TEAM = HYWSXS9XNK;
				GENERATE_INFOPLIST_FILE = YES;
				INFOPLIST_FILE = RickAndMortyAlamofire/Others/Info.plist;
				INFOPLIST_KEY_UIApplicationSupportsIndirectInputEvents = YES;
				INFOPLIST_KEY_UILaunchStoryboardName = LaunchScreen;
				INFOPLIST_KEY_UISupportedInterfaceOrientations_iPad = "UIInterfaceOrientationPortrait UIInterfaceOrientationPortraitUpsideDown UIInterfaceOrientationLandscapeLeft UIInterfaceOrientationLandscapeRight";
				INFOPLIST_KEY_UISupportedInterfaceOrientations_iPhone = "UIInterfaceOrientationPortrait UIInterfaceOrientationLandscapeLeft UIInterfaceOrientationLandscapeRight";
				LD_RUNPATH_SEARCH_PATHS = (
					"$(inherited)",
					"@executable_path/Frameworks",
				);
				MARKETING_VERSION = 1.0;
				PRODUCT_BUNDLE_IDENTIFIER = com.onuremren.RickAndMortyAlamofire;
				PRODUCT_NAME = "$(TARGET_NAME)";
				SWIFT_EMIT_LOC_STRINGS = YES;
				SWIFT_VERSION = 5.0;
				TARGETED_DEVICE_FAMILY = "1,2";
			};
			name = Debug;
		};
		46437AC32A142BA8002DEC58 /* Release */ = {
			isa = XCBuildConfiguration;
			buildSettings = {
				ASSETCATALOG_COMPILER_APPICON_NAME = AppIcon;
				ASSETCATALOG_COMPILER_GLOBAL_ACCENT_COLOR_NAME = AccentColor;
				CODE_SIGN_STYLE = Automatic;
				CURRENT_PROJECT_VERSION = 1;
				DEVELOPMENT_TEAM = HYWSXS9XNK;
				GENERATE_INFOPLIST_FILE = YES;
				INFOPLIST_FILE = RickAndMortyAlamofire/Others/Info.plist;
				INFOPLIST_KEY_UIApplicationSupportsIndirectInputEvents = YES;
				INFOPLIST_KEY_UILaunchStoryboardName = LaunchScreen;
				INFOPLIST_KEY_UISupportedInterfaceOrientations_iPad = "UIInterfaceOrientationPortrait UIInterfaceOrientationPortraitUpsideDown UIInterfaceOrientationLandscapeLeft UIInterfaceOrientationLandscapeRight";
				INFOPLIST_KEY_UISupportedInterfaceOrientations_iPhone = "UIInterfaceOrientationPortrait UIInterfaceOrientationLandscapeLeft UIInterfaceOrientationLandscapeRight";
				LD_RUNPATH_SEARCH_PATHS = (
					"$(inherited)",
					"@executable_path/Frameworks",
				);
				MARKETING_VERSION = 1.0;
				PRODUCT_BUNDLE_IDENTIFIER = com.onuremren.RickAndMortyAlamofire;
				PRODUCT_NAME = "$(TARGET_NAME)";
				SWIFT_EMIT_LOC_STRINGS = YES;
				SWIFT_VERSION = 5.0;
				TARGETED_DEVICE_FAMILY = "1,2";
			};
			name = Release;
		};
/* End XCBuildConfiguration section */

/* Begin XCConfigurationList section */
		46437AA82A142BA7002DEC58 /* Build configuration list for PBXProject "RickAndMortyAlamofire" */ = {
			isa = XCConfigurationList;
			buildConfigurations = (
				46437ABF2A142BA8002DEC58 /* Debug */,
				46437AC02A142BA8002DEC58 /* Release */,
			);
			defaultConfigurationIsVisible = 0;
			defaultConfigurationName = Release;
		};
		46437AC12A142BA8002DEC58 /* Build configuration list for PBXNativeTarget "RickAndMortyAlamofire" */ = {
			isa = XCConfigurationList;
			buildConfigurations = (
				46437AC22A142BA8002DEC58 /* Debug */,
				46437AC32A142BA8002DEC58 /* Release */,
			);
			defaultConfigurationIsVisible = 0;
			defaultConfigurationName = Release;
		};
/* End XCConfigurationList section */

/* Begin XCRemoteSwiftPackageReference section */
		46437AC42A142BCC002DEC58 /* XCRemoteSwiftPackageReference "Alamofire" */ = {
			isa = XCRemoteSwiftPackageReference;
			repositoryURL = "https://github.com/Alamofire/Alamofire";
			requirement = {
				branch = master;
				kind = branch;
			};
		};
		46534A162A1BEEE100D08FDF /* XCRemoteSwiftPackageReference "SnapKit" */ = {
			isa = XCRemoteSwiftPackageReference;
			repositoryURL = "https://github.com/SnapKit/SnapKit";
			requirement = {
				kind = upToNextMajorVersion;
				minimumVersion = 5.0.0;
			};
		};
		46F85C082A178E530097EFC8 /* XCRemoteSwiftPackageReference "AlamofireImage" */ = {
			isa = XCRemoteSwiftPackageReference;
			repositoryURL = "https://github.com/Alamofire/AlamofireImage";
			requirement = {
				kind = upToNextMajorVersion;
				minimumVersion = 4.0.0;
			};
		};
/* End XCRemoteSwiftPackageReference section */

/* Begin XCSwiftPackageProductDependency section */
		46437AC52A142BCC002DEC58 /* Alamofire */ = {
			isa = XCSwiftPackageProductDependency;
			package = 46437AC42A142BCC002DEC58 /* XCRemoteSwiftPackageReference "Alamofire" */;
			productName = Alamofire;
		};
		46534A172A1BEEE100D08FDF /* SnapKit */ = {
			isa = XCSwiftPackageProductDependency;
			package = 46534A162A1BEEE100D08FDF /* XCRemoteSwiftPackageReference "SnapKit" */;
			productName = SnapKit;
		};
		46F85C092A178E530097EFC8 /* AlamofireImage */ = {
			isa = XCSwiftPackageProductDependency;
			package = 46F85C082A178E530097EFC8 /* XCRemoteSwiftPackageReference "AlamofireImage" */;
			productName = AlamofireImage;
		};
/* End XCSwiftPackageProductDependency section */
	};
	rootObject = 46437AA52A142BA7002DEC58 /* Project object */;
}
